
Microsoft Visual Studio Solution File, Format Version 12.00
# Visual Studio Version 17
VisualStudioVersion = 17.5.33318.248
MinimumVisualStudioVersion = 10.0.40219.1
Project("{8BC9CEB8-8B4A-11D0-8D11-00A0C91BC942}") = "Project", "Project.vcxproj", "{9190406C-9849-41DB-B825-F78123F2472F}"
EndProject
Global
	GlobalSection(SolutionConfigurationPlatforms) = preSolution
		Debug|x64 = Debug|x64
		Debug|x86 = Debug|x86
		Release|x64 = Release|x64
		Release|x86 = Release|x86
	EndGlobalSection
	GlobalSection(ProjectConfigurationPlatforms) = postSolution
		{9190406C-9849-41DB-B825-F78123F2472F}.Debug|x64.ActiveCfg = Debug|x64
		{9190406C-9849-41DB-B825-F78123F2472F}.Debug|x64.Build.0 = Debug|x64
		{9190406C-9849-41DB-B825-F78123F2472F}.Debug|x86.ActiveCfg = Debug|Win32
		{9190406C-9849-41DB-B825-F78123F2472F}.Debug|x86.Build.0 = Debug|Win32
		{9190406C-9849-41DB-B825-F78123F2472F}.Release|x64.ActiveCfg = Release|x64
		{9190406C-9849-41DB-B825-F78123F2472F}.Release|x64.Build.0 = Release|x64
		{9190406C-9849-41DB-B825-F78123F2472F}.Release|x86.ActiveCfg = Release|Win32
		{9190406C-9849-41DB-B825-F78123F2472F}.Release|x86.Build.0 = Release|Win32
	EndGlobalSection
	GlobalSection(SolutionProperties) = preSolution
		HideSolutionNode = FALSE
	EndGlobalSection
	GlobalSection(ExtensibilityGlobals) = postSolution
		SolutionGuid = {F8662295-657F-4062-83C6-23AECB9288E1}
	EndGlobalSection
EndGlobal
